
Microsoft Visual Studio Solution File, Format Version 12.00
# Visual Studio Version 16
VisualStudioVersion = 16.0.29926.136
MinimumVisualStudioVersion = 10.0.40219.1
Project("{9A19103F-16F7-4668-BE54-9A1E7A4F7556}") = "SampleApp", "SampleApp\SampleApp.csproj", "{EB973A1B-D73A-4E29-8009-20458D9FDED5}"
EndProject
Project("{9A19103F-16F7-4668-BE54-9A1E7A4F7556}") = "SampleApp.Core", "SampleApp.Core\SampleApp.Core.csproj", "{21007329-60D4-40B8-868F-2E6596490251}"
EndProject
Project("{FAE04EC0-301F-11D3-BF4B-00C04F79EFBC}") = "SampleApp.XamlIsland", "SampleApp.XamlIsland\SampleApp.XamlIsland.csproj", "{CC2CFE6D-4013-408B-BB9C-006B7ECEB684}"
EndProject
Project("{FAE04EC0-301F-11D3-BF4B-00C04F79EFBC}") = "SampleApp.XamlIslandApp", "SampleApp.XamlIslandApp\SampleApp.XamlIslandApp.csproj", "{A737182C-BD90-42FD-836D-C22FCB786BF1}"
EndProject
Global
	GlobalSection(SolutionConfigurationPlatforms) = preSolution
		Debug|x64 = Debug|x64
		Debug|x86 = Debug|x86
		Release|x64 = Release|x64
		Release|x86 = Release|x86
	EndGlobalSection
	GlobalSection(ProjectConfigurationPlatforms) = postSolution
		{EB973A1B-D73A-4E29-8009-20458D9FDED5}.Debug|x64.ActiveCfg = Debug|x64
		{EB973A1B-D73A-4E29-8009-20458D9FDED5}.Debug|x64.Build.0 = Debug|x64
		{EB973A1B-D73A-4E29-8009-20458D9FDED5}.Debug|x86.ActiveCfg = Debug|x86
		{EB973A1B-D73A-4E29-8009-20458D9FDED5}.Debug|x86.Build.0 = Debug|x86
		{EB973A1B-D73A-4E29-8009-20458D9FDED5}.Release|x64.ActiveCfg = Release|x64
		{EB973A1B-D73A-4E29-8009-20458D9FDED5}.Release|x64.Build.0 = Release|x64
		{EB973A1B-D73A-4E29-8009-20458D9FDED5}.Release|x86.ActiveCfg = Release|x86
		{EB973A1B-D73A-4E29-8009-20458D9FDED5}.Release|x86.Build.0 = Release|x86
		{21007329-60D4-40B8-868F-2E6596490251}.Debug|x64.ActiveCfg = Debug|x64
		{21007329-60D4-40B8-868F-2E6596490251}.Debug|x64.Build.0 = Debug|x64
		{21007329-60D4-40B8-868F-2E6596490251}.Debug|x86.ActiveCfg = Debug|x86
		{21007329-60D4-40B8-868F-2E6596490251}.Debug|x86.Build.0 = Debug|x86
		{21007329-60D4-40B8-868F-2E6596490251}.Release|x64.ActiveCfg = Release|x64
		{21007329-60D4-40B8-868F-2E6596490251}.Release|x64.Build.0 = Release|x64
		{21007329-60D4-40B8-868F-2E6596490251}.Release|x86.ActiveCfg = Release|x86
		{21007329-60D4-40B8-868F-2E6596490251}.Release|x86.Build.0 = Release|x86
		{CC2CFE6D-4013-408B-BB9C-006B7ECEB684}.Debug|x64.ActiveCfg = Debug|x64
		{CC2CFE6D-4013-408B-BB9C-006B7ECEB684}.Debug|x64.Build.0 = Debug|x64
		{CC2CFE6D-4013-408B-BB9C-006B7ECEB684}.Debug|x86.ActiveCfg = Debug|x86
		{CC2CFE6D-4013-408B-BB9C-006B7ECEB684}.Debug|x86.Build.0 = Debug|x86
		{CC2CFE6D-4013-408B-BB9C-006B7ECEB684}.Release|x64.ActiveCfg = Release|x64
		{CC2CFE6D-4013-408B-BB9C-006B7ECEB684}.Release|x64.Build.0 = Release|x64
		{CC2CFE6D-4013-408B-BB9C-006B7ECEB684}.Release|x86.ActiveCfg = Release|x86
		{CC2CFE6D-4013-408B-BB9C-006B7ECEB684}.Release|x86.Build.0 = Release|x86
		{A737182C-BD90-42FD-836D-C22FCB786BF1}.Debug|x64.ActiveCfg = Debug|x64
		{A737182C-BD90-42FD-836D-C22FCB786BF1}.Debug|x64.Build.0 = Debug|x64
		{A737182C-BD90-42FD-836D-C22FCB786BF1}.Debug|x86.ActiveCfg = Debug|x86
		{A737182C-BD90-42FD-836D-C22FCB786BF1}.Debug|x86.Build.0 = Debug|x86
		{A737182C-BD90-42FD-836D-C22FCB786BF1}.Debug|x86.Deploy.0 = Debug|x86
		{A737182C-BD90-42FD-836D-C22FCB786BF1}.Release|x64.ActiveCfg = Release|x64
		{A737182C-BD90-42FD-836D-C22FCB786BF1}.Release|x64.Build.0 = Release|x64
		{A737182C-BD90-42FD-836D-C22FCB786BF1}.Release|x86.ActiveCfg = Release|x86
		{A737182C-BD90-42FD-836D-C22FCB786BF1}.Release|x86.Build.0 = Release|x86
	EndGlobalSection
	GlobalSection(SolutionProperties) = preSolution
		HideSolutionNode = FALSE
	EndGlobalSection
	GlobalSection(ExtensibilityGlobals) = postSolution
		SolutionGuid = {6DCC59C6-90DE-4E59-AC8A-FE3041ABAD89}
	EndGlobalSection
EndGlobal
