
Microsoft Visual Studio Solution File, Format Version 12.00
# Visual Studio Version 16
VisualStudioVersion = 16.0.29123.89
MinimumVisualStudioVersion = 10.0.40219.1
Project("{9A19103F-16F7-4668-BE54-9A1E7A4F7556}") = "SampleApp", "SampleApp\SampleApp.csproj", "{06258F06-03CC-4E0B-B3F4-DFECF57AACDC}"
EndProject
Project("{9A19103F-16F7-4668-BE54-9A1E7A4F7556}") = "SampleApp.Core", "SampleApp.Core\SampleApp.Core.csproj", "{9F74BE77-EA9F-4D93-9215-5E38EFF87B80}"
EndProject
Project("{C7167F0D-BC9F-4E6E-AFE1-012C56B48DB5}") = "SampleApp.Packaging", "SampleApp.Packaging\SampleApp.Packaging.wapproj", "{81140D3E-CF24-47DB-8734-9A6293FBC29C}"
EndProject
Project("{FAE04EC0-301F-11D3-BF4B-00C04F79EFBC}") = "SampleApp.XamlIsland", "SampleApp.XamlIsland\SampleApp.XamlIsland.csproj", "{CC2CFE6D-4013-408B-BB9C-006B7ECEB684}"
EndProject
Project("{FAE04EC0-301F-11D3-BF4B-00C04F79EFBC}") = "SampleApp.XamlIslandApp", "SampleApp.XamlIslandApp\SampleApp.XamlIslandApp.csproj", "{A737182C-BD90-42FD-836D-C22FCB786BF1}"
EndProject
Global
	GlobalSection(SolutionConfigurationPlatforms) = preSolution
		Debug|Any CPU = Debug|Any CPU
		Debug|ARM = Debug|ARM
		Debug|ARM64 = Debug|ARM64
		Debug|x64 = Debug|x64
		Debug|x86 = Debug|x86
		Release|Any CPU = Release|Any CPU
		Release|ARM = Release|ARM
		Release|ARM64 = Release|ARM64
		Release|x64 = Release|x64
		Release|x86 = Release|x86
	EndGlobalSection
	GlobalSection(ProjectConfigurationPlatforms) = postSolution
		{06258F06-03CC-4E0B-B3F4-DFECF57AACDC}.Debug|Any CPU.ActiveCfg = Debug|Any CPU
		{06258F06-03CC-4E0B-B3F4-DFECF57AACDC}.Debug|Any CPU.Build.0 = Debug|Any CPU
		{06258F06-03CC-4E0B-B3F4-DFECF57AACDC}.Debug|ARM.ActiveCfg = Debug|Any CPU
		{06258F06-03CC-4E0B-B3F4-DFECF57AACDC}.Debug|ARM.Build.0 = Debug|Any CPU
		{06258F06-03CC-4E0B-B3F4-DFECF57AACDC}.Debug|ARM64.ActiveCfg = Debug|Any CPU
		{06258F06-03CC-4E0B-B3F4-DFECF57AACDC}.Debug|ARM64.Build.0 = Debug|Any CPU
		{06258F06-03CC-4E0B-B3F4-DFECF57AACDC}.Debug|x64.ActiveCfg = Debug|x64
		{06258F06-03CC-4E0B-B3F4-DFECF57AACDC}.Debug|x64.Build.0 = Debug|x64
		{06258F06-03CC-4E0B-B3F4-DFECF57AACDC}.Debug|x86.ActiveCfg = Debug|x86
		{06258F06-03CC-4E0B-B3F4-DFECF57AACDC}.Debug|x86.Build.0 = Debug|x86
		{06258F06-03CC-4E0B-B3F4-DFECF57AACDC}.Release|Any CPU.ActiveCfg = Release|Any CPU
		{06258F06-03CC-4E0B-B3F4-DFECF57AACDC}.Release|Any CPU.Build.0 = Release|Any CPU
		{06258F06-03CC-4E0B-B3F4-DFECF57AACDC}.Release|ARM.ActiveCfg = Release|Any CPU
		{06258F06-03CC-4E0B-B3F4-DFECF57AACDC}.Release|ARM.Build.0 = Release|Any CPU
		{06258F06-03CC-4E0B-B3F4-DFECF57AACDC}.Release|ARM64.ActiveCfg = Release|Any CPU
		{06258F06-03CC-4E0B-B3F4-DFECF57AACDC}.Release|ARM64.Build.0 = Release|Any CPU
		{06258F06-03CC-4E0B-B3F4-DFECF57AACDC}.Release|x64.ActiveCfg = Release|x64
		{06258F06-03CC-4E0B-B3F4-DFECF57AACDC}.Release|x64.Build.0 = Release|x64
		{06258F06-03CC-4E0B-B3F4-DFECF57AACDC}.Release|x86.ActiveCfg = Release|x86
		{06258F06-03CC-4E0B-B3F4-DFECF57AACDC}.Release|x86.Build.0 = Release|x86
		{9F74BE77-EA9F-4D93-9215-5E38EFF87B80}.Debug|Any CPU.ActiveCfg = Debug|Any CPU
		{9F74BE77-EA9F-4D93-9215-5E38EFF87B80}.Debug|Any CPU.Build.0 = Debug|Any CPU
		{9F74BE77-EA9F-4D93-9215-5E38EFF87B80}.Debug|ARM.ActiveCfg = Debug|Any CPU
		{9F74BE77-EA9F-4D93-9215-5E38EFF87B80}.Debug|ARM.Build.0 = Debug|Any CPU
		{9F74BE77-EA9F-4D93-9215-5E38EFF87B80}.Debug|ARM64.ActiveCfg = Debug|Any CPU
		{9F74BE77-EA9F-4D93-9215-5E38EFF87B80}.Debug|ARM64.Build.0 = Debug|Any CPU
		{9F74BE77-EA9F-4D93-9215-5E38EFF87B80}.Debug|x64.ActiveCfg = Debug|x64
		{9F74BE77-EA9F-4D93-9215-5E38EFF87B80}.Debug|x64.Build.0 = Debug|x64
		{9F74BE77-EA9F-4D93-9215-5E38EFF87B80}.Debug|x86.ActiveCfg = Debug|x86
		{9F74BE77-EA9F-4D93-9215-5E38EFF87B80}.Debug|x86.Build.0 = Debug|x86
		{9F74BE77-EA9F-4D93-9215-5E38EFF87B80}.Release|Any CPU.ActiveCfg = Release|Any CPU
		{9F74BE77-EA9F-4D93-9215-5E38EFF87B80}.Release|Any CPU.Build.0 = Release|Any CPU
		{9F74BE77-EA9F-4D93-9215-5E38EFF87B80}.Release|ARM.ActiveCfg = Release|Any CPU
		{9F74BE77-EA9F-4D93-9215-5E38EFF87B80}.Release|ARM.Build.0 = Release|Any CPU
		{9F74BE77-EA9F-4D93-9215-5E38EFF87B80}.Release|ARM64.ActiveCfg = Release|Any CPU
		{9F74BE77-EA9F-4D93-9215-5E38EFF87B80}.Release|ARM64.Build.0 = Release|Any CPU
		{9F74BE77-EA9F-4D93-9215-5E38EFF87B80}.Release|x64.ActiveCfg = Release|x64
		{9F74BE77-EA9F-4D93-9215-5E38EFF87B80}.Release|x64.Build.0 = Release|x64
		{9F74BE77-EA9F-4D93-9215-5E38EFF87B80}.Release|x86.ActiveCfg = Release|x86
		{9F74BE77-EA9F-4D93-9215-5E38EFF87B80}.Release|x86.Build.0 = Release|x86
		{81140D3E-CF24-47DB-8734-9A6293FBC29C}.Debug|Any CPU.ActiveCfg = Debug|Any CPU
		{81140D3E-CF24-47DB-8734-9A6293FBC29C}.Debug|Any CPU.Build.0 = Debug|Any CPU
		{81140D3E-CF24-47DB-8734-9A6293FBC29C}.Debug|Any CPU.Deploy.0 = Debug|Any CPU
		{81140D3E-CF24-47DB-8734-9A6293FBC29C}.Debug|ARM.ActiveCfg = Debug|ARM
		{81140D3E-CF24-47DB-8734-9A6293FBC29C}.Debug|ARM.Build.0 = Debug|ARM
		{81140D3E-CF24-47DB-8734-9A6293FBC29C}.Debug|ARM.Deploy.0 = Debug|ARM
		{81140D3E-CF24-47DB-8734-9A6293FBC29C}.Debug|ARM64.ActiveCfg = Debug|ARM64
		{81140D3E-CF24-47DB-8734-9A6293FBC29C}.Debug|ARM64.Build.0 = Debug|ARM64
		{81140D3E-CF24-47DB-8734-9A6293FBC29C}.Debug|ARM64.Deploy.0 = Debug|ARM64
		{81140D3E-CF24-47DB-8734-9A6293FBC29C}.Debug|x64.ActiveCfg = Debug|x64
		{81140D3E-CF24-47DB-8734-9A6293FBC29C}.Debug|x64.Build.0 = Debug|x64
		{81140D3E-CF24-47DB-8734-9A6293FBC29C}.Debug|x64.Deploy.0 = Debug|x64
		{81140D3E-CF24-47DB-8734-9A6293FBC29C}.Debug|x86.ActiveCfg = Debug|x86
		{81140D3E-CF24-47DB-8734-9A6293FBC29C}.Debug|x86.Build.0 = Debug|x86
		{81140D3E-CF24-47DB-8734-9A6293FBC29C}.Debug|x86.Deploy.0 = Debug|x86
		{81140D3E-CF24-47DB-8734-9A6293FBC29C}.Release|Any CPU.ActiveCfg = Release|Any CPU
		{81140D3E-CF24-47DB-8734-9A6293FBC29C}.Release|Any CPU.Build.0 = Release|Any CPU
		{81140D3E-CF24-47DB-8734-9A6293FBC29C}.Release|Any CPU.Deploy.0 = Release|Any CPU
		{81140D3E-CF24-47DB-8734-9A6293FBC29C}.Release|ARM.ActiveCfg = Release|ARM
		{81140D3E-CF24-47DB-8734-9A6293FBC29C}.Release|ARM.Build.0 = Release|ARM
		{81140D3E-CF24-47DB-8734-9A6293FBC29C}.Release|ARM.Deploy.0 = Release|ARM
		{81140D3E-CF24-47DB-8734-9A6293FBC29C}.Release|ARM64.ActiveCfg = Release|ARM64
		{81140D3E-CF24-47DB-8734-9A6293FBC29C}.Release|ARM64.Build.0 = Release|ARM64
		{81140D3E-CF24-47DB-8734-9A6293FBC29C}.Release|ARM64.Deploy.0 = Release|ARM64
		{81140D3E-CF24-47DB-8734-9A6293FBC29C}.Release|x64.ActiveCfg = Release|x64
		{81140D3E-CF24-47DB-8734-9A6293FBC29C}.Release|x64.Build.0 = Release|x64
		{81140D3E-CF24-47DB-8734-9A6293FBC29C}.Release|x64.Deploy.0 = Release|x64
		{81140D3E-CF24-47DB-8734-9A6293FBC29C}.Release|x86.ActiveCfg = Release|x86
		{81140D3E-CF24-47DB-8734-9A6293FBC29C}.Release|x86.Build.0 = Release|x86
		{81140D3E-CF24-47DB-8734-9A6293FBC29C}.Release|x86.Deploy.0 = Release|x86
		{CC2CFE6D-4013-408B-BB9C-006B7ECEB684}.Debug|Any CPU.ActiveCfg = Debug|Any CPU
		{CC2CFE6D-4013-408B-BB9C-006B7ECEB684}.Debug|Any CPU.Build.0 = Debug|Any CPU
		{CC2CFE6D-4013-408B-BB9C-006B7ECEB684}.Debug|ARM.ActiveCfg = Debug|ARM
		{CC2CFE6D-4013-408B-BB9C-006B7ECEB684}.Debug|ARM.Build.0 = Debug|ARM
		{CC2CFE6D-4013-408B-BB9C-006B7ECEB684}.Debug|ARM64.ActiveCfg = Debug|ARM64
		{CC2CFE6D-4013-408B-BB9C-006B7ECEB684}.Debug|ARM64.Build.0 = Debug|ARM64
		{CC2CFE6D-4013-408B-BB9C-006B7ECEB684}.Debug|x64.ActiveCfg = Debug|x64
		{CC2CFE6D-4013-408B-BB9C-006B7ECEB684}.Debug|x64.Build.0 = Debug|x64
		{CC2CFE6D-4013-408B-BB9C-006B7ECEB684}.Debug|x86.ActiveCfg = Debug|x86
		{CC2CFE6D-4013-408B-BB9C-006B7ECEB684}.Debug|x86.Build.0 = Debug|x86
		{CC2CFE6D-4013-408B-BB9C-006B7ECEB684}.Release|Any CPU.ActiveCfg = Release|Any CPU
		{CC2CFE6D-4013-408B-BB9C-006B7ECEB684}.Release|Any CPU.Build.0 = Release|Any CPU
		{CC2CFE6D-4013-408B-BB9C-006B7ECEB684}.Release|ARM.ActiveCfg = Release|ARM
		{CC2CFE6D-4013-408B-BB9C-006B7ECEB684}.Release|ARM.Build.0 = Release|ARM
		{CC2CFE6D-4013-408B-BB9C-006B7ECEB684}.Release|ARM64.ActiveCfg = Release|ARM64
		{CC2CFE6D-4013-408B-BB9C-006B7ECEB684}.Release|ARM64.Build.0 = Release|ARM64
		{CC2CFE6D-4013-408B-BB9C-006B7ECEB684}.Release|x64.ActiveCfg = Release|x64
		{CC2CFE6D-4013-408B-BB9C-006B7ECEB684}.Release|x64.Build.0 = Release|x64
		{CC2CFE6D-4013-408B-BB9C-006B7ECEB684}.Release|x86.ActiveCfg = Release|x86
		{CC2CFE6D-4013-408B-BB9C-006B7ECEB684}.Release|x86.Build.0 = Release|x86
		{A737182C-BD90-42FD-836D-C22FCB786BF1}.Debug|Any CPU.ActiveCfg = Debug|x86
		{A737182C-BD90-42FD-836D-C22FCB786BF1}.Debug|ARM.ActiveCfg = Debug|ARM
		{A737182C-BD90-42FD-836D-C22FCB786BF1}.Debug|ARM.Build.0 = Debug|ARM
		{A737182C-BD90-42FD-836D-C22FCB786BF1}.Debug|ARM.Deploy.0 = Debug|ARM
		{A737182C-BD90-42FD-836D-C22FCB786BF1}.Debug|ARM64.ActiveCfg = Debug|ARM64
		{A737182C-BD90-42FD-836D-C22FCB786BF1}.Debug|ARM64.Build.0 = Debug|ARM64
		{A737182C-BD90-42FD-836D-C22FCB786BF1}.Debug|ARM64.Deploy.0 = Debug|ARM64
		{A737182C-BD90-42FD-836D-C22FCB786BF1}.Debug|x64.ActiveCfg = Debug|x64
		{A737182C-BD90-42FD-836D-C22FCB786BF1}.Debug|x64.Build.0 = Debug|x64
		{A737182C-BD90-42FD-836D-C22FCB786BF1}.Debug|x64.Deploy.0 = Debug|x64
		{A737182C-BD90-42FD-836D-C22FCB786BF1}.Debug|x86.ActiveCfg = Debug|x86
		{A737182C-BD90-42FD-836D-C22FCB786BF1}.Debug|x86.Build.0 = Debug|x86
		{A737182C-BD90-42FD-836D-C22FCB786BF1}.Debug|x86.Deploy.0 = Debug|x86
		{A737182C-BD90-42FD-836D-C22FCB786BF1}.Release|Any CPU.ActiveCfg = Release|x86
		{A737182C-BD90-42FD-836D-C22FCB786BF1}.Release|ARM.ActiveCfg = Release|ARM
		{A737182C-BD90-42FD-836D-C22FCB786BF1}.Release|ARM.Build.0 = Release|ARM
		{A737182C-BD90-42FD-836D-C22FCB786BF1}.Release|ARM.Deploy.0 = Release|ARM
		{A737182C-BD90-42FD-836D-C22FCB786BF1}.Release|ARM64.ActiveCfg = Release|ARM64
		{A737182C-BD90-42FD-836D-C22FCB786BF1}.Release|ARM64.Build.0 = Release|ARM64
		{A737182C-BD90-42FD-836D-C22FCB786BF1}.Release|ARM64.Deploy.0 = Release|ARM64
		{A737182C-BD90-42FD-836D-C22FCB786BF1}.Release|x64.ActiveCfg = Release|x64
		{A737182C-BD90-42FD-836D-C22FCB786BF1}.Release|x64.Build.0 = Release|x64
		{A737182C-BD90-42FD-836D-C22FCB786BF1}.Release|x64.Deploy.0 = Release|x64
		{A737182C-BD90-42FD-836D-C22FCB786BF1}.Release|x86.ActiveCfg = Release|x86
		{A737182C-BD90-42FD-836D-C22FCB786BF1}.Release|x86.Build.0 = Release|x86
		{A737182C-BD90-42FD-836D-C22FCB786BF1}.Release|x86.Deploy.0 = Release|x86
	EndGlobalSection
	GlobalSection(SolutionProperties) = preSolution
		HideSolutionNode = FALSE
	EndGlobalSection
	GlobalSection(ExtensibilityGlobals) = postSolution
		SolutionGuid = {15FC3BE2-4863-442B-B036-089F1975F81E}
	EndGlobalSection
EndGlobal
